
Microsoft Visual Studio Solution File, Format Version 12.00
# Visual Studio Version 16
VisualStudioVersion = 16.0.31424.327
MinimumVisualStudioVersion = 10.0.40219.1
Project("{FAE04EC0-301F-11D3-BF4B-00C04F79EFBC}") = "CarInsurance", "CarInsurance\CarInsurance.csproj", "{ABFF4D63-A82A-4BE8-9850-E369B6D46BFC}"
EndProject
Global
	GlobalSection(SolutionConfigurationPlatforms) = preSolution
		Debug|Any CPU = Debug|Any CPU
		Release|Any CPU = Release|Any CPU
	EndGlobalSection
	GlobalSection(ProjectConfigurationPlatforms) = postSolution
		{ABFF4D63-A82A-4BE8-9850-E369B6D46BFC}.Debug|Any CPU.ActiveCfg = Debug|Any CPU
		{ABFF4D63-A82A-4BE8-9850-E369B6D46BFC}.Debug|Any CPU.Build.0 = Debug|Any CPU
		{ABFF4D63-A82A-4BE8-9850-E369B6D46BFC}.Release|Any CPU.ActiveCfg = Release|Any CPU
		{ABFF4D63-A82A-4BE8-9850-E369B6D46BFC}.Release|Any CPU.Build.0 = Release|Any CPU
	EndGlobalSection
	GlobalSection(SolutionProperties) = preSolution
		HideSolutionNode = FALSE
	EndGlobalSection
	GlobalSection(ExtensibilityGlobals) = postSolution
		SolutionGuid = {1C14CE68-9990-48B0-9429-23DAB302A8CE}
	EndGlobalSection
EndGlobal
