
Microsoft Visual Studio Solution File, Format Version 12.00
# Visual Studio Version 16
VisualStudioVersion = 16.0.31424.327
MinimumVisualStudioVersion = 10.0.40219.1
Project("{FAE04EC0-301F-11D3-BF4B-00C04F79EFBC}") = "TwentyOne", "TwentyOne\TwentyOne.csproj", "{4657E10D-17DD-4262-B141-A29BB0B226DA}"
EndProject
Project("{FAE04EC0-301F-11D3-BF4B-00C04F79EFBC}") = "Casino", "Casino\Casino.csproj", "{FAFB025A-92A7-40CB-845C-7623A54E8F4A}"
EndProject
Global
	GlobalSection(SolutionConfigurationPlatforms) = preSolution
		Debug|Any CPU = Debug|Any CPU
		Release|Any CPU = Release|Any CPU
	EndGlobalSection
	GlobalSection(ProjectConfigurationPlatforms) = postSolution
		{4657E10D-17DD-4262-B141-A29BB0B226DA}.Debug|Any CPU.ActiveCfg = Debug|Any CPU
		{4657E10D-17DD-4262-B141-A29BB0B226DA}.Debug|Any CPU.Build.0 = Debug|Any CPU
		{4657E10D-17DD-4262-B141-A29BB0B226DA}.Release|Any CPU.ActiveCfg = Release|Any CPU
		{4657E10D-17DD-4262-B141-A29BB0B226DA}.Release|Any CPU.Build.0 = Release|Any CPU
		{FAFB025A-92A7-40CB-845C-7623A54E8F4A}.Debug|Any CPU.ActiveCfg = Debug|Any CPU
		{FAFB025A-92A7-40CB-845C-7623A54E8F4A}.Debug|Any CPU.Build.0 = Debug|Any CPU
		{FAFB025A-92A7-40CB-845C-7623A54E8F4A}.Release|Any CPU.ActiveCfg = Release|Any CPU
		{FAFB025A-92A7-40CB-845C-7623A54E8F4A}.Release|Any CPU.Build.0 = Release|Any CPU
	EndGlobalSection
	GlobalSection(SolutionProperties) = preSolution
		HideSolutionNode = FALSE
	EndGlobalSection
	GlobalSection(ExtensibilityGlobals) = postSolution
		SolutionGuid = {40C8FD04-1A0F-438D-B352-817A958174C1}
	EndGlobalSection
EndGlobal
